Microsoft Visual Studio Solution File, Format Version 12.00
# Visual Studio Version 17
VisualStudioVersion = 17.5.2.0
MinimumVisualStudioVersion = 10.0.40219.1
Project("{FAE04EC0-301F-11D3-BF4B-00C04F79EFBC}") = "CapiWear_API", "CapiWear_API.csproj", "{49FA1BAB-FDAB-35C3-2FC6-FAA62BB15C70}"
EndProject
Global
	GlobalSection(SolutionConfigurationPlatforms) = preSolution
		Debug|Any CPU = Debug|Any CPU
		Release|Any CPU = Release|Any CPU
	EndGlobalSection
	GlobalSection(ProjectConfigurationPlatforms) = postSolution
		{49FA1BAB-FDAB-35C3-2FC6-FAA62BB15C70}.Debug|Any CPU.ActiveCfg = Debug|Any CPU
		{49FA1BAB-FDAB-35C3-2FC6-FAA62BB15C70}.Debug|Any CPU.Build.0 = Debug|Any CPU
		{49FA1BAB-FDAB-35C3-2FC6-FAA62BB15C70}.Release|Any CPU.ActiveCfg = Release|Any CPU
		{49FA1BAB-FDAB-35C3-2FC6-FAA62BB15C70}.Release|Any CPU.Build.0 = Release|Any CPU
	EndGlobalSection
	GlobalSection(SolutionProperties) = preSolution
		HideSolutionNode = FALSE
	EndGlobalSection
	GlobalSection(ExtensibilityGlobals) = postSolution
		SolutionGuid = {0CC6C97F-4E53-4959-8552-E5B3CD1C936A}
	EndGlobalSection
EndGlobal
